
Microsoft Visual Studio Solution File, Format Version 12.00
# Visual Studio Version 16
VisualStudioVersion = 16.0.29911.84
MinimumVisualStudioVersion = 10.0.40219.1
Project("{FAE04EC0-301F-11D3-BF4B-00C04F79EFBC}") = "WindowsServiceWheather", "WindowsServiceWheather\WindowsServiceWheather.csproj", "{C726E07D-C81F-40B2-B526-8DED2B6B7517}"
EndProject
Global
	GlobalSection(SolutionConfigurationPlatforms) = preSolution
		Debug|Any CPU = Debug|Any CPU
		Release|Any CPU = Release|Any CPU
	EndGlobalSection
	GlobalSection(ProjectConfigurationPlatforms) = postSolution
		{C726E07D-C81F-40B2-B526-8DED2B6B7517}.Debug|Any CPU.ActiveCfg = Debug|Any CPU
		{C726E07D-C81F-40B2-B526-8DED2B6B7517}.Debug|Any CPU.Build.0 = Debug|Any CPU
		{C726E07D-C81F-40B2-B526-8DED2B6B7517}.Release|Any CPU.ActiveCfg = Release|Any CPU
		{C726E07D-C81F-40B2-B526-8DED2B6B7517}.Release|Any CPU.Build.0 = Release|Any CPU
	EndGlobalSection
	GlobalSection(SolutionProperties) = preSolution
		HideSolutionNode = FALSE
	EndGlobalSection
	GlobalSection(ExtensibilityGlobals) = postSolution
		SolutionGuid = {973FF554-F03E-4054-B714-3D3BC10B91C4}
	EndGlobalSection
EndGlobal
